
Microsoft Visual Studio Solution File, Format Version 12.00
# Visual Studio 15
VisualStudioVersion = 15.0.27703.2035
MinimumVisualStudioVersion = 10.0.40219.1
Project("{FAE04EC0-301F-11D3-BF4B-00C04F79EFBC}") = "ToDeOlho.Android", "ToDeOlho\ToDeOlho.Android\ToDeOlho.Android.csproj", "{972E2785-E04A-4AF6-8F2B-2B20B7139E0B}"
EndProject
Project("{FAE04EC0-301F-11D3-BF4B-00C04F79EFBC}") = "ToDeOlho.iOS", "ToDeOlho\ToDeOlho.iOS\ToDeOlho.iOS.csproj", "{50A9FCF0-BF13-4F9A-A711-50769987B73D}"
EndProject
Project("{9A19103F-16F7-4668-BE54-9A1E7A4F7556}") = "ToDeOlho", "ToDeOlho\ToDeOlho\ToDeOlho.csproj", "{74057D7B-710A-449E-84D8-98D5BF3FD8D5}"
EndProject
Project("{2150E333-8FDC-42A3-9474-1A3956D46DE8}") = "0 - Mobile", "0 - Mobile", "{4B822337-6C0E-4EA3-8395-27E091F88815}"
EndProject
Project("{2150E333-8FDC-42A3-9474-1A3956D46DE8}") = "1 - Application", "1 - Application", "{772C9541-5345-47A1-B5BF-51A0743E14D6}"
EndProject
Project("{9A19103F-16F7-4668-BE54-9A1E7A4F7556}") = "Autenticacao", "Autenticacao\Autenticacao.csproj", "{1E516397-087B-4A30-B110-9182E801EF62}"
EndProject
Project("{2150E333-8FDC-42A3-9474-1A3956D46DE8}") = "2 - Model", "2 - Model", "{0FB1802D-E423-4890-A9E6-6AAC8F0A6A9A}"
EndProject
Project("{FAE04EC0-301F-11D3-BF4B-00C04F79EFBC}") = "Modelo", "Modelo\Modelo.csproj", "{FD2ECEB3-50BB-4DB2-81EE-ED36975466ED}"
EndProject
Global
	GlobalSection(SolutionConfigurationPlatforms) = preSolution
		Ad-Hoc|Any CPU = Ad-Hoc|Any CPU
		Ad-Hoc|ARM = Ad-Hoc|ARM
		Ad-Hoc|iPhone = Ad-Hoc|iPhone
		Ad-Hoc|iPhoneSimulator = Ad-Hoc|iPhoneSimulator
		Ad-Hoc|x64 = Ad-Hoc|x64
		Ad-Hoc|x86 = Ad-Hoc|x86
		AppStore|Any CPU = AppStore|Any CPU
		AppStore|ARM = AppStore|ARM
		AppStore|iPhone = AppStore|iPhone
		AppStore|iPhoneSimulator = AppStore|iPhoneSimulator
		AppStore|x64 = AppStore|x64
		AppStore|x86 = AppStore|x86
		Debug|Any CPU = Debug|Any CPU
		Debug|ARM = Debug|ARM
		Debug|iPhone = Debug|iPhone
		Debug|iPhoneSimulator = Debug|iPhoneSimulator
		Debug|x64 = Debug|x64
		Debug|x86 = Debug|x86
		Release|Any CPU = Release|Any CPU
		Release|ARM = Release|ARM
		Release|iPhone = Release|iPhone
		Release|iPhoneSimulator = Release|iPhoneSimulator
		Release|x64 = Release|x64
		Release|x86 = Release|x86
	EndGlobalSection
	GlobalSection(ProjectConfigurationPlatforms) = postSolution
		{972E2785-E04A-4AF6-8F2B-2B20B7139E0B}.Ad-Hoc|Any CPU.ActiveCfg = Release|Any CPU
		{972E2785-E04A-4AF6-8F2B-2B20B7139E0B}.Ad-Hoc|Any CPU.Build.0 = Release|Any CPU
		{972E2785-E04A-4AF6-8F2B-2B20B7139E0B}.Ad-Hoc|Any CPU.Deploy.0 = Release|Any CPU
		{972E2785-E04A-4AF6-8F2B-2B20B7139E0B}.Ad-Hoc|ARM.ActiveCfg = Release|Any CPU
		{972E2785-E04A-4AF6-8F2B-2B20B7139E0B}.Ad-Hoc|ARM.Build.0 = Release|Any CPU
		{972E2785-E04A-4AF6-8F2B-2B20B7139E0B}.Ad-Hoc|ARM.Deploy.0 = Release|Any CPU
		{972E2785-E04A-4AF6-8F2B-2B20B7139E0B}.Ad-Hoc|iPhone.ActiveCfg = Release|Any CPU
		{972E2785-E04A-4AF6-8F2B-2B20B7139E0B}.Ad-Hoc|iPhone.Build.0 = Release|Any CPU
		{972E2785-E04A-4AF6-8F2B-2B20B7139E0B}.Ad-Hoc|iPhone.Deploy.0 = Release|Any CPU
		{972E2785-E04A-4AF6-8F2B-2B20B7139E0B}.Ad-Hoc|iPhoneSimulator.ActiveCfg = Release|Any CPU
		{972E2785-E04A-4AF6-8F2B-2B20B7139E0B}.Ad-Hoc|iPhoneSimulator.Build.0 = Release|Any CPU
		{972E2785-E04A-4AF6-8F2B-2B20B7139E0B}.Ad-Hoc|iPhoneSimulator.Deploy.0 = Release|Any CPU
		{972E2785-E04A-4AF6-8F2B-2B20B7139E0B}.Ad-Hoc|x64.ActiveCfg = Release|Any CPU
		{972E2785-E04A-4AF6-8F2B-2B20B7139E0B}.Ad-Hoc|x64.Build.0 = Release|Any CPU
		{972E2785-E04A-4AF6-8F2B-2B20B7139E0B}.Ad-Hoc|x64.Deploy.0 = Release|Any CPU
		{972E2785-E04A-4AF6-8F2B-2B20B7139E0B}.Ad-Hoc|x86.ActiveCfg = Release|Any CPU
		{972E2785-E04A-4AF6-8F2B-2B20B7139E0B}.Ad-Hoc|x86.Build.0 = Release|Any CPU
		{972E2785-E04A-4AF6-8F2B-2B20B7139E0B}.Ad-Hoc|x86.Deploy.0 = Release|Any CPU
		{972E2785-E04A-4AF6-8F2B-2B20B7139E0B}.AppStore|Any CPU.ActiveCfg = Release|Any CPU
		{972E2785-E04A-4AF6-8F2B-2B20B7139E0B}.AppStore|Any CPU.Build.0 = Release|Any CPU
		{972E2785-E04A-4AF6-8F2B-2B20B7139E0B}.AppStore|Any CPU.Deploy.0 = Release|Any CPU
		{972E2785-E04A-4AF6-8F2B-2B20B7139E0B}.AppStore|ARM.ActiveCfg = Release|Any CPU
		{972E2785-E04A-4AF6-8F2B-2B20B7139E0B}.AppStore|ARM.Build.0 = Release|Any CPU
		{972E2785-E04A-4AF6-8F2B-2B20B7139E0B}.AppStore|ARM.Deploy.0 = Release|Any CPU
		{972E2785-E04A-4AF6-8F2B-2B20B7139E0B}.AppStore|iPhone.ActiveCfg = Release|Any CPU
		{972E2785-E04A-4AF6-8F2B-2B20B7139E0B}.AppStore|iPhone.Build.0 = Release|Any CPU
		{972E2785-E04A-4AF6-8F2B-2B20B7139E0B}.AppStore|iPhone.Deploy.0 = Release|Any CPU
		{972E2785-E04A-4AF6-8F2B-2B20B7139E0B}.AppStore|iPhoneSimulator.ActiveCfg = Release|Any CPU
		{972E2785-E04A-4AF6-8F2B-2B20B7139E0B}.AppStore|iPhoneSimulator.Build.0 = Release|Any CPU
		{972E2785-E04A-4AF6-8F2B-2B20B7139E0B}.AppStore|iPhoneSimulator.Deploy.0 = Release|Any CPU
		{972E2785-E04A-4AF6-8F2B-2B20B7139E0B}.AppStore|x64.ActiveCfg = Release|Any CPU
		{972E2785-E04A-4AF6-8F2B-2B20B7139E0B}.AppStore|x64.Build.0 = Release|Any CPU
		{972E2785-E04A-4AF6-8F2B-2B20B7139E0B}.AppStore|x64.Deploy.0 = Release|Any CPU
		{972E2785-E04A-4AF6-8F2B-2B20B7139E0B}.AppStore|x86.ActiveCfg = Release|Any CPU
		{972E2785-E04A-4AF6-8F2B-2B20B7139E0B}.AppStore|x86.Build.0 = Release|Any CPU
		{972E2785-E04A-4AF6-8F2B-2B20B7139E0B}.AppStore|x86.Deploy.0 = Release|Any CPU
		{972E2785-E04A-4AF6-8F2B-2B20B7139E0B}.Debug|Any CPU.ActiveCfg = Debug|Any CPU
		{972E2785-E04A-4AF6-8F2B-2B20B7139E0B}.Debug|Any CPU.Build.0 = Debug|Any CPU
		{972E2785-E04A-4AF6-8F2B-2B20B7139E0B}.Debug|Any CPU.Deploy.0 = Debug|Any CPU
		{972E2785-E04A-4AF6-8F2B-2B20B7139E0B}.Debug|ARM.ActiveCfg = Debug|Any CPU
		{972E2785-E04A-4AF6-8F2B-2B20B7139E0B}.Debug|ARM.Build.0 = Debug|Any CPU
		{972E2785-E04A-4AF6-8F2B-2B20B7139E0B}.Debug|ARM.Deploy.0 = Debug|Any CPU
		{972E2785-E04A-4AF6-8F2B-2B20B7139E0B}.Debug|iPhone.ActiveCfg = Debug|Any CPU
		{972E2785-E04A-4AF6-8F2B-2B20B7139E0B}.Debug|iPhone.Build.0 = Debug|Any CPU
		{972E2785-E04A-4AF6-8F2B-2B20B7139E0B}.Debug|iPhone.Deploy.0 = Debug|Any CPU
		{972E2785-E04A-4AF6-8F2B-2B20B7139E0B}.Debug|iPhoneSimulator.ActiveCfg = Debug|Any CPU
		{972E2785-E04A-4AF6-8F2B-2B20B7139E0B}.Debug|iPhoneSimulator.Build.0 = Debug|Any CPU
		{972E2785-E04A-4AF6-8F2B-2B20B7139E0B}.Debug|iPhoneSimulator.Deploy.0 = Debug|Any CPU
		{972E2785-E04A-4AF6-8F2B-2B20B7139E0B}.Debug|x64.ActiveCfg = Debug|Any CPU
		{972E2785-E04A-4AF6-8F2B-2B20B7139E0B}.Debug|x64.Build.0 = Debug|Any CPU
		{972E2785-E04A-4AF6-8F2B-2B20B7139E0B}.Debug|x64.Deploy.0 = Debug|Any CPU
		{972E2785-E04A-4AF6-8F2B-2B20B7139E0B}.Debug|x86.ActiveCfg = Debug|Any CPU
		{972E2785-E04A-4AF6-8F2B-2B20B7139E0B}.Debug|x86.Build.0 = Debug|Any CPU
		{972E2785-E04A-4AF6-8F2B-2B20B7139E0B}.Debug|x86.Deploy.0 = Debug|Any CPU
		{972E2785-E04A-4AF6-8F2B-2B20B7139E0B}.Release|Any CPU.ActiveCfg = Release|Any CPU
		{972E2785-E04A-4AF6-8F2B-2B20B7139E0B}.Release|Any CPU.Build.0 = Release|Any CPU
		{972E2785-E04A-4AF6-8F2B-2B20B7139E0B}.Release|Any CPU.Deploy.0 = Release|Any CPU
		{972E2785-E04A-4AF6-8F2B-2B20B7139E0B}.Release|ARM.ActiveCfg = Release|Any CPU
		{972E2785-E04A-4AF6-8F2B-2B20B7139E0B}.Release|ARM.Build.0 = Release|Any CPU
		{972E2785-E04A-4AF6-8F2B-2B20B7139E0B}.Release|ARM.Deploy.0 = Release|Any CPU
		{972E2785-E04A-4AF6-8F2B-2B20B7139E0B}.Release|iPhone.ActiveCfg = Release|Any CPU
		{972E2785-E04A-4AF6-8F2B-2B20B7139E0B}.Release|iPhone.Build.0 = Release|Any CPU
		{972E2785-E04A-4AF6-8F2B-2B20B7139E0B}.Release|iPhone.Deploy.0 = Release|Any CPU
		{972E2785-E04A-4AF6-8F2B-2B20B7139E0B}.Release|iPhoneSimulator.ActiveCfg = Release|Any CPU
		{972E2785-E04A-4AF6-8F2B-2B20B7139E0B}.Release|iPhoneSimulator.Build.0 = Release|Any CPU
		{972E2785-E04A-4AF6-8F2B-2B20B7139E0B}.Release|iPhoneSimulator.Deploy.0 = Release|Any CPU
		{972E2785-E04A-4AF6-8F2B-2B20B7139E0B}.Release|x64.ActiveCfg = Release|Any CPU
		{972E2785-E04A-4AF6-8F2B-2B20B7139E0B}.Release|x64.Build.0 = Release|Any CPU
		{972E2785-E04A-4AF6-8F2B-2B20B7139E0B}.Release|x64.Deploy.0 = Release|Any CPU
		{972E2785-E04A-4AF6-8F2B-2B20B7139E0B}.Release|x86.ActiveCfg = Release|Any CPU
		{972E2785-E04A-4AF6-8F2B-2B20B7139E0B}.Release|x86.Build.0 = Release|Any CPU
		{972E2785-E04A-4AF6-8F2B-2B20B7139E0B}.Release|x86.Deploy.0 = Release|Any CPU
		{50A9FCF0-BF13-4F9A-A711-50769987B73D}.Ad-Hoc|Any CPU.ActiveCfg = Ad-Hoc|iPhone
		{50A9FCF0-BF13-4F9A-A711-50769987B73D}.Ad-Hoc|Any CPU.Build.0 = Ad-Hoc|iPhone
		{50A9FCF0-BF13-4F9A-A711-50769987B73D}.Ad-Hoc|Any CPU.Deploy.0 = Ad-Hoc|iPhone
		{50A9FCF0-BF13-4F9A-A711-50769987B73D}.Ad-Hoc|ARM.ActiveCfg = Ad-Hoc|iPhone
		{50A9FCF0-BF13-4F9A-A711-50769987B73D}.Ad-Hoc|ARM.Build.0 = Ad-Hoc|iPhone
		{50A9FCF0-BF13-4F9A-A711-50769987B73D}.Ad-Hoc|ARM.Deploy.0 = Ad-Hoc|iPhone
		{50A9FCF0-BF13-4F9A-A711-50769987B73D}.Ad-Hoc|iPhone.ActiveCfg = Ad-Hoc|iPhone
		{50A9FCF0-BF13-4F9A-A711-50769987B73D}.Ad-Hoc|iPhone.Build.0 = Ad-Hoc|iPhone
		{50A9FCF0-BF13-4F9A-A711-50769987B73D}.Ad-Hoc|iPhone.Deploy.0 = Ad-Hoc|iPhone
		{50A9FCF0-BF13-4F9A-A711-50769987B73D}.Ad-Hoc|iPhoneSimulator.ActiveCfg = Ad-Hoc|iPhoneSimulator
		{50A9FCF0-BF13-4F9A-A711-50769987B73D}.Ad-Hoc|iPhoneSimulator.Build.0 = Ad-Hoc|iPhoneSimulator
		{50A9FCF0-BF13-4F9A-A711-50769987B73D}.Ad-Hoc|iPhoneSimulator.Deploy.0 = Ad-Hoc|iPhoneSimulator
		{50A9FCF0-BF13-4F9A-A711-50769987B73D}.Ad-Hoc|x64.ActiveCfg = Ad-Hoc|iPhone
		{50A9FCF0-BF13-4F9A-A711-50769987B73D}.Ad-Hoc|x64.Build.0 = Ad-Hoc|iPhone
		{50A9FCF0-BF13-4F9A-A711-50769987B73D}.Ad-Hoc|x64.Deploy.0 = Ad-Hoc|iPhone
		{50A9FCF0-BF13-4F9A-A711-50769987B73D}.Ad-Hoc|x86.ActiveCfg = Ad-Hoc|iPhone
		{50A9FCF0-BF13-4F9A-A711-50769987B73D}.Ad-Hoc|x86.Build.0 = Ad-Hoc|iPhone
		{50A9FCF0-BF13-4F9A-A711-50769987B73D}.Ad-Hoc|x86.Deploy.0 = Ad-Hoc|iPhone
		{50A9FCF0-BF13-4F9A-A711-50769987B73D}.AppStore|Any CPU.ActiveCfg = AppStore|iPhone
		{50A9FCF0-BF13-4F9A-A711-50769987B73D}.AppStore|Any CPU.Build.0 = AppStore|iPhone
		{50A9FCF0-BF13-4F9A-A711-50769987B73D}.AppStore|Any CPU.Deploy.0 = AppStore|iPhone
		{50A9FCF0-BF13-4F9A-A711-50769987B73D}.AppStore|ARM.ActiveCfg = AppStore|iPhone
		{50A9FCF0-BF13-4F9A-A711-50769987B73D}.AppStore|ARM.Build.0 = AppStore|iPhone
		{50A9FCF0-BF13-4F9A-A711-50769987B73D}.AppStore|ARM.Deploy.0 = AppStore|iPhone
		{50A9FCF0-BF13-4F9A-A711-50769987B73D}.AppStore|iPhone.ActiveCfg = AppStore|iPhone
		{50A9FCF0-BF13-4F9A-A711-50769987B73D}.AppStore|iPhone.Build.0 = AppStore|iPhone
		{50A9FCF0-BF13-4F9A-A711-50769987B73D}.AppStore|iPhone.Deploy.0 = AppStore|iPhone
		{50A9FCF0-BF13-4F9A-A711-50769987B73D}.AppStore|iPhoneSimulator.ActiveCfg = AppStore|iPhoneSimulator
		{50A9FCF0-BF13-4F9A-A711-50769987B73D}.AppStore|iPhoneSimulator.Build.0 = AppStore|iPhoneSimulator
		{50A9FCF0-BF13-4F9A-A711-50769987B73D}.AppStore|iPhoneSimulator.Deploy.0 = AppStore|iPhoneSimulator
		{50A9FCF0-BF13-4F9A-A711-50769987B73D}.AppStore|x64.ActiveCfg = AppStore|iPhone
		{50A9FCF0-BF13-4F9A-A711-50769987B73D}.AppStore|x64.Build.0 = AppStore|iPhone
		{50A9FCF0-BF13-4F9A-A711-50769987B73D}.AppStore|x64.Deploy.0 = AppStore|iPhone
		{50A9FCF0-BF13-4F9A-A711-50769987B73D}.AppStore|x86.ActiveCfg = AppStore|iPhone
		{50A9FCF0-BF13-4F9A-A711-50769987B73D}.AppStore|x86.Build.0 = AppStore|iPhone
		{50A9FCF0-BF13-4F9A-A711-50769987B73D}.AppStore|x86.Deploy.0 = AppStore|iPhone
		{50A9FCF0-BF13-4F9A-A711-50769987B73D}.Debug|Any CPU.ActiveCfg = Debug|iPhoneSimulator
		{50A9FCF0-BF13-4F9A-A711-50769987B73D}.Debug|Any CPU.Build.0 = Debug|iPhoneSimulator
		{50A9FCF0-BF13-4F9A-A711-50769987B73D}.Debug|Any CPU.Deploy.0 = Debug|iPhoneSimulator
		{50A9FCF0-BF13-4F9A-A711-50769987B73D}.Debug|ARM.ActiveCfg = Debug|iPhone
		{50A9FCF0-BF13-4F9A-A711-50769987B73D}.Debug|ARM.Build.0 = Debug|iPhone
		{50A9FCF0-BF13-4F9A-A711-50769987B73D}.Debug|ARM.Deploy.0 = Debug|iPhone
		{50A9FCF0-BF13-4F9A-A711-50769987B73D}.Debug|iPhone.ActiveCfg = Debug|iPhone
		{50A9FCF0-BF13-4F9A-A711-50769987B73D}.Debug|iPhone.Build.0 = Debug|iPhone
		{50A9FCF0-BF13-4F9A-A711-50769987B73D}.Debug|iPhone.Deploy.0 = Debug|iPhone
		{50A9FCF0-BF13-4F9A-A711-50769987B73D}.Debug|iPhoneSimulator.ActiveCfg = Debug|iPhoneSimulator
		{50A9FCF0-BF13-4F9A-A711-50769987B73D}.Debug|iPhoneSimulator.Build.0 = Debug|iPhoneSimulator
		{50A9FCF0-BF13-4F9A-A711-50769987B73D}.Debug|iPhoneSimulator.Deploy.0 = Debug|iPhoneSimulator
		{50A9FCF0-BF13-4F9A-A711-50769987B73D}.Debug|x64.ActiveCfg = Debug|iPhone
		{50A9FCF0-BF13-4F9A-A711-50769987B73D}.Debug|x64.Build.0 = Debug|iPhone
		{50A9FCF0-BF13-4F9A-A711-50769987B73D}.Debug|x64.Deploy.0 = Debug|iPhone
		{50A9FCF0-BF13-4F9A-A711-50769987B73D}.Debug|x86.ActiveCfg = Debug|iPhone
		{50A9FCF0-BF13-4F9A-A711-50769987B73D}.Debug|x86.Build.0 = Debug|iPhone
		{50A9FCF0-BF13-4F9A-A711-50769987B73D}.Debug|x86.Deploy.0 = Debug|iPhone
		{50A9FCF0-BF13-4F9A-A711-50769987B73D}.Release|Any CPU.ActiveCfg = Release|iPhone
		{50A9FCF0-BF13-4F9A-A711-50769987B73D}.Release|Any CPU.Build.0 = Release|iPhone
		{50A9FCF0-BF13-4F9A-A711-50769987B73D}.Release|Any CPU.Deploy.0 = Release|iPhone
		{50A9FCF0-BF13-4F9A-A711-50769987B73D}.Release|ARM.ActiveCfg = Release|iPhone
		{50A9FCF0-BF13-4F9A-A711-50769987B73D}.Release|ARM.Build.0 = Release|iPhone
		{50A9FCF0-BF13-4F9A-A711-50769987B73D}.Release|ARM.Deploy.0 = Release|iPhone
		{50A9FCF0-BF13-4F9A-A711-50769987B73D}.Release|iPhone.ActiveCfg = Release|iPhone
		{50A9FCF0-BF13-4F9A-A711-50769987B73D}.Release|iPhone.Build.0 = Release|iPhone
		{50A9FCF0-BF13-4F9A-A711-50769987B73D}.Release|iPhone.Deploy.0 = Release|iPhone
		{50A9FCF0-BF13-4F9A-A711-50769987B73D}.Release|iPhoneSimulator.ActiveCfg = Release|iPhoneSimulator
		{50A9FCF0-BF13-4F9A-A711-50769987B73D}.Release|iPhoneSimulator.Build.0 = Release|iPhoneSimulator
		{50A9FCF0-BF13-4F9A-A711-50769987B73D}.Release|iPhoneSimulator.Deploy.0 = Release|iPhoneSimulator
		{50A9FCF0-BF13-4F9A-A711-50769987B73D}.Release|x64.ActiveCfg = Release|iPhone
		{50A9FCF0-BF13-4F9A-A711-50769987B73D}.Release|x64.Build.0 = Release|iPhone
		{50A9FCF0-BF13-4F9A-A711-50769987B73D}.Release|x64.Deploy.0 = Release|iPhone
		{50A9FCF0-BF13-4F9A-A711-50769987B73D}.Release|x86.ActiveCfg = Release|iPhone
		{50A9FCF0-BF13-4F9A-A711-50769987B73D}.Release|x86.Build.0 = Release|iPhone
		{50A9FCF0-BF13-4F9A-A711-50769987B73D}.Release|x86.Deploy.0 = Release|iPhone
		{74057D7B-710A-449E-84D8-98D5BF3FD8D5}.Ad-Hoc|Any CPU.ActiveCfg = Debug|Any CPU
		{74057D7B-710A-449E-84D8-98D5BF3FD8D5}.Ad-Hoc|Any CPU.Build.0 = Debug|Any CPU
		{74057D7B-710A-449E-84D8-98D5BF3FD8D5}.Ad-Hoc|Any CPU.Deploy.0 = Debug|Any CPU
		{74057D7B-710A-449E-84D8-98D5BF3FD8D5}.Ad-Hoc|ARM.ActiveCfg = Debug|Any CPU
		{74057D7B-710A-449E-84D8-98D5BF3FD8D5}.Ad-Hoc|ARM.Build.0 = Debug|Any CPU
		{74057D7B-710A-449E-84D8-98D5BF3FD8D5}.Ad-Hoc|ARM.Deploy.0 = Debug|Any CPU
		{74057D7B-710A-449E-84D8-98D5BF3FD8D5}.Ad-Hoc|iPhone.ActiveCfg = Debug|Any CPU
		{74057D7B-710A-449E-84D8-98D5BF3FD8D5}.Ad-Hoc|iPhone.Build.0 = Debug|Any CPU
		{74057D7B-710A-449E-84D8-98D5BF3FD8D5}.Ad-Hoc|iPhone.Deploy.0 = Debug|Any CPU
		{74057D7B-710A-449E-84D8-98D5BF3FD8D5}.Ad-Hoc|iPhoneSimulator.ActiveCfg = Debug|Any CPU
		{74057D7B-710A-449E-84D8-98D5BF3FD8D5}.Ad-Hoc|iPhoneSimulator.Build.0 = Debug|Any CPU
		{74057D7B-710A-449E-84D8-98D5BF3FD8D5}.Ad-Hoc|iPhoneSimulator.Deploy.0 = Debug|Any CPU
		{74057D7B-710A-449E-84D8-98D5BF3FD8D5}.Ad-Hoc|x64.ActiveCfg = Debug|Any CPU
		{74057D7B-710A-449E-84D8-98D5BF3FD8D5}.Ad-Hoc|x64.Build.0 = Debug|Any CPU
		{74057D7B-710A-449E-84D8-98D5BF3FD8D5}.Ad-Hoc|x64.Deploy.0 = Debug|Any CPU
		{74057D7B-710A-449E-84D8-98D5BF3FD8D5}.Ad-Hoc|x86.ActiveCfg = Debug|Any CPU
		{74057D7B-710A-449E-84D8-98D5BF3FD8D5}.Ad-Hoc|x86.Build.0 = Debug|Any CPU
		{74057D7B-710A-449E-84D8-98D5BF3FD8D5}.Ad-Hoc|x86.Deploy.0 = Debug|Any CPU
		{74057D7B-710A-449E-84D8-98D5BF3FD8D5}.AppStore|Any CPU.ActiveCfg = Debug|Any CPU
		{74057D7B-710A-449E-84D8-98D5BF3FD8D5}.AppStore|Any CPU.Build.0 = Debug|Any CPU
		{74057D7B-710A-449E-84D8-98D5BF3FD8D5}.AppStore|Any CPU.Deploy.0 = Debug|Any CPU
		{74057D7B-710A-449E-84D8-98D5BF3FD8D5}.AppStore|ARM.ActiveCfg = Debug|Any CPU
		{74057D7B-710A-449E-84D8-98D5BF3FD8D5}.AppStore|ARM.Build.0 = Debug|Any CPU
		{74057D7B-710A-449E-84D8-98D5BF3FD8D5}.AppStore|ARM.Deploy.0 = Debug|Any CPU
		{74057D7B-710A-449E-84D8-98D5BF3FD8D5}.AppStore|iPhone.ActiveCfg = Debug|Any CPU
		{74057D7B-710A-449E-84D8-98D5BF3FD8D5}.AppStore|iPhone.Build.0 = Debug|Any CPU
		{74057D7B-710A-449E-84D8-98D5BF3FD8D5}.AppStore|iPhone.Deploy.0 = Debug|Any CPU
		{74057D7B-710A-449E-84D8-98D5BF3FD8D5}.AppStore|iPhoneSimulator.ActiveCfg = Debug|Any CPU
		{74057D7B-710A-449E-84D8-98D5BF3FD8D5}.AppStore|iPhoneSimulator.Build.0 = Debug|Any CPU
		{74057D7B-710A-449E-84D8-98D5BF3FD8D5}.AppStore|iPhoneSimulator.Deploy.0 = Debug|Any CPU
		{74057D7B-710A-449E-84D8-98D5BF3FD8D5}.AppStore|x64.ActiveCfg = Debug|Any CPU
		{74057D7B-710A-449E-84D8-98D5BF3FD8D5}.AppStore|x64.Build.0 = Debug|Any CPU
		{74057D7B-710A-449E-84D8-98D5BF3FD8D5}.AppStore|x64.Deploy.0 = Debug|Any CPU
		{74057D7B-710A-449E-84D8-98D5BF3FD8D5}.AppStore|x86.ActiveCfg = Debug|Any CPU
		{74057D7B-710A-449E-84D8-98D5BF3FD8D5}.AppStore|x86.Build.0 = Debug|Any CPU
		{74057D7B-710A-449E-84D8-98D5BF3FD8D5}.AppStore|x86.Deploy.0 = Debug|Any CPU
		{74057D7B-710A-449E-84D8-98D5BF3FD8D5}.Debug|Any CPU.ActiveCfg = Debug|Any CPU
		{74057D7B-710A-449E-84D8-98D5BF3FD8D5}.Debug|Any CPU.Build.0 = Debug|Any CPU
		{74057D7B-710A-449E-84D8-98D5BF3FD8D5}.Debug|Any CPU.Deploy.0 = Debug|Any CPU
		{74057D7B-710A-449E-84D8-98D5BF3FD8D5}.Debug|ARM.ActiveCfg = Debug|Any CPU
		{74057D7B-710A-449E-84D8-98D5BF3FD8D5}.Debug|ARM.Build.0 = Debug|Any CPU
		{74057D7B-710A-449E-84D8-98D5BF3FD8D5}.Debug|ARM.Deploy.0 = Debug|Any CPU
		{74057D7B-710A-449E-84D8-98D5BF3FD8D5}.Debug|iPhone.ActiveCfg = Debug|Any CPU
		{74057D7B-710A-449E-84D8-98D5BF3FD8D5}.Debug|iPhone.Build.0 = Debug|Any CPU
		{74057D7B-710A-449E-84D8-98D5BF3FD8D5}.Debug|iPhone.Deploy.0 = Debug|Any CPU
		{74057D7B-710A-449E-84D8-98D5BF3FD8D5}.Debug|iPhoneSimulator.ActiveCfg = Debug|Any CPU
		{74057D7B-710A-449E-84D8-98D5BF3FD8D5}.Debug|iPhoneSimulator.Build.0 = Debug|Any CPU
		{74057D7B-710A-449E-84D8-98D5BF3FD8D5}.Debug|iPhoneSimulator.Deploy.0 = Debug|Any CPU
		{74057D7B-710A-449E-84D8-98D5BF3FD8D5}.Debug|x64.ActiveCfg = Debug|Any CPU
		{74057D7B-710A-449E-84D8-98D5BF3FD8D5}.Debug|x64.Build.0 = Debug|Any CPU
		{74057D7B-710A-449E-84D8-98D5BF3FD8D5}.Debug|x64.Deploy.0 = Debug|Any CPU
		{74057D7B-710A-449E-84D8-98D5BF3FD8D5}.Debug|x86.ActiveCfg = Debug|Any CPU
		{74057D7B-710A-449E-84D8-98D5BF3FD8D5}.Debug|x86.Build.0 = Debug|Any CPU
		{74057D7B-710A-449E-84D8-98D5BF3FD8D5}.Debug|x86.Deploy.0 = Debug|Any CPU
		{74057D7B-710A-449E-84D8-98D5BF3FD8D5}.Release|Any CPU.ActiveCfg = Release|Any CPU
		{74057D7B-710A-449E-84D8-98D5BF3FD8D5}.Release|Any CPU.Build.0 = Release|Any CPU
		{74057D7B-710A-449E-84D8-98D5BF3FD8D5}.Release|Any CPU.Deploy.0 = Release|Any CPU
		{74057D7B-710A-449E-84D8-98D5BF3FD8D5}.Release|ARM.ActiveCfg = Release|Any CPU
		{74057D7B-710A-449E-84D8-98D5BF3FD8D5}.Release|ARM.Build.0 = Release|Any CPU
		{74057D7B-710A-449E-84D8-98D5BF3FD8D5}.Release|ARM.Deploy.0 = Release|Any CPU
		{74057D7B-710A-449E-84D8-98D5BF3FD8D5}.Release|iPhone.ActiveCfg = Release|Any CPU
		{74057D7B-710A-449E-84D8-98D5BF3FD8D5}.Release|iPhone.Build.0 = Release|Any CPU
		{74057D7B-710A-449E-84D8-98D5BF3FD8D5}.Release|iPhone.Deploy.0 = Release|Any CPU
		{74057D7B-710A-449E-84D8-98D5BF3FD8D5}.Release|iPhoneSimulator.ActiveCfg = Release|Any CPU
		{74057D7B-710A-449E-84D8-98D5BF3FD8D5}.Release|iPhoneSimulator.Build.0 = Release|Any CPU
		{74057D7B-710A-449E-84D8-98D5BF3FD8D5}.Release|iPhoneSimulator.Deploy.0 = Release|Any CPU
		{74057D7B-710A-449E-84D8-98D5BF3FD8D5}.Release|x64.ActiveCfg = Release|Any CPU
		{74057D7B-710A-449E-84D8-98D5BF3FD8D5}.Release|x64.Build.0 = Release|Any CPU
		{74057D7B-710A-449E-84D8-98D5BF3FD8D5}.Release|x64.Deploy.0 = Release|Any CPU
		{74057D7B-710A-449E-84D8-98D5BF3FD8D5}.Release|x86.ActiveCfg = Release|Any CPU
		{74057D7B-710A-449E-84D8-98D5BF3FD8D5}.Release|x86.Build.0 = Release|Any CPU
		{74057D7B-710A-449E-84D8-98D5BF3FD8D5}.Release|x86.Deploy.0 = Release|Any CPU
		{1E516397-087B-4A30-B110-9182E801EF62}.Ad-Hoc|Any CPU.ActiveCfg = Debug|Any CPU
		{1E516397-087B-4A30-B110-9182E801EF62}.Ad-Hoc|Any CPU.Build.0 = Debug|Any CPU
		{1E516397-087B-4A30-B110-9182E801EF62}.Ad-Hoc|ARM.ActiveCfg = Debug|Any CPU
		{1E516397-087B-4A30-B110-9182E801EF62}.Ad-Hoc|ARM.Build.0 = Debug|Any CPU
		{1E516397-087B-4A30-B110-9182E801EF62}.Ad-Hoc|iPhone.ActiveCfg = Debug|Any CPU
		{1E516397-087B-4A30-B110-9182E801EF62}.Ad-Hoc|iPhone.Build.0 = Debug|Any CPU
		{1E516397-087B-4A30-B110-9182E801EF62}.Ad-Hoc|iPhoneSimulator.ActiveCfg = Debug|Any CPU
		{1E516397-087B-4A30-B110-9182E801EF62}.Ad-Hoc|iPhoneSimulator.Build.0 = Debug|Any CPU
		{1E516397-087B-4A30-B110-9182E801EF62}.Ad-Hoc|x64.ActiveCfg = Debug|Any CPU
		{1E516397-087B-4A30-B110-9182E801EF62}.Ad-Hoc|x64.Build.0 = Debug|Any CPU
		{1E516397-087B-4A30-B110-9182E801EF62}.Ad-Hoc|x86.ActiveCfg = Debug|Any CPU
		{1E516397-087B-4A30-B110-9182E801EF62}.Ad-Hoc|x86.Build.0 = Debug|Any CPU
		{1E516397-087B-4A30-B110-9182E801EF62}.AppStore|Any CPU.ActiveCfg = Debug|Any CPU
		{1E516397-087B-4A30-B110-9182E801EF62}.AppStore|Any CPU.Build.0 = Debug|Any CPU
		{1E516397-087B-4A30-B110-9182E801EF62}.AppStore|ARM.ActiveCfg = Debug|Any CPU
		{1E516397-087B-4A30-B110-9182E801EF62}.AppStore|ARM.Build.0 = Debug|Any CPU
		{1E516397-087B-4A30-B110-9182E801EF62}.AppStore|iPhone.ActiveCfg = Debug|Any CPU
		{1E516397-087B-4A30-B110-9182E801EF62}.AppStore|iPhone.Build.0 = Debug|Any CPU
		{1E516397-087B-4A30-B110-9182E801EF62}.AppStore|iPhoneSimulator.ActiveCfg = Debug|Any CPU
		{1E516397-087B-4A30-B110-9182E801EF62}.AppStore|iPhoneSimulator.Build.0 = Debug|Any CPU
		{1E516397-087B-4A30-B110-9182E801EF62}.AppStore|x64.ActiveCfg = Debug|Any CPU
		{1E516397-087B-4A30-B110-9182E801EF62}.AppStore|x64.Build.0 = Debug|Any CPU
		{1E516397-087B-4A30-B110-9182E801EF62}.AppStore|x86.ActiveCfg = Debug|Any CPU
		{1E516397-087B-4A30-B110-9182E801EF62}.AppStore|x86.Build.0 = Debug|Any CPU
		{1E516397-087B-4A30-B110-9182E801EF62}.Debug|Any CPU.ActiveCfg = Debug|Any CPU
		{1E516397-087B-4A30-B110-9182E801EF62}.Debug|Any CPU.Build.0 = Debug|Any CPU
		{1E516397-087B-4A30-B110-9182E801EF62}.Debug|ARM.ActiveCfg = Debug|Any CPU
		{1E516397-087B-4A30-B110-9182E801EF62}.Debug|ARM.Build.0 = Debug|Any CPU
		{1E516397-087B-4A30-B110-9182E801EF62}.Debug|iPhone.ActiveCfg = Debug|Any CPU
		{1E516397-087B-4A30-B110-9182E801EF62}.Debug|iPhone.Build.0 = Debug|Any CPU
		{1E516397-087B-4A30-B110-9182E801EF62}.Debug|iPhoneSimulator.ActiveCfg = Debug|Any CPU
		{1E516397-087B-4A30-B110-9182E801EF62}.Debug|iPhoneSimulator.Build.0 = Debug|Any CPU
		{1E516397-087B-4A30-B110-9182E801EF62}.Debug|x64.ActiveCfg = Debug|Any CPU
		{1E516397-087B-4A30-B110-9182E801EF62}.Debug|x64.Build.0 = Debug|Any CPU
		{1E516397-087B-4A30-B110-9182E801EF62}.Debug|x86.ActiveCfg = Debug|Any CPU
		{1E516397-087B-4A30-B110-9182E801EF62}.Debug|x86.Build.0 = Debug|Any CPU
		{1E516397-087B-4A30-B110-9182E801EF62}.Release|Any CPU.ActiveCfg = Release|Any CPU
		{1E516397-087B-4A30-B110-9182E801EF62}.Release|Any CPU.Build.0 = Release|Any CPU
		{1E516397-087B-4A30-B110-9182E801EF62}.Release|ARM.ActiveCfg = Release|Any CPU
		{1E516397-087B-4A30-B110-9182E801EF62}.Release|ARM.Build.0 = Release|Any CPU
		{1E516397-087B-4A30-B110-9182E801EF62}.Release|iPhone.ActiveCfg = Release|Any CPU
		{1E516397-087B-4A30-B110-9182E801EF62}.Release|iPhone.Build.0 = Release|Any CPU
		{1E516397-087B-4A30-B110-9182E801EF62}.Release|iPhoneSimulator.ActiveCfg = Release|Any CPU
		{1E516397-087B-4A30-B110-9182E801EF62}.Release|iPhoneSimulator.Build.0 = Release|Any CPU
		{1E516397-087B-4A30-B110-9182E801EF62}.Release|x64.ActiveCfg = Release|Any CPU
		{1E516397-087B-4A30-B110-9182E801EF62}.Release|x64.Build.0 = Release|Any CPU
		{1E516397-087B-4A30-B110-9182E801EF62}.Release|x86.ActiveCfg = Release|Any CPU
		{1E516397-087B-4A30-B110-9182E801EF62}.Release|x86.Build.0 = Release|Any CPU
		{FD2ECEB3-50BB-4DB2-81EE-ED36975466ED}.Ad-Hoc|Any CPU.ActiveCfg = Debug|Any CPU
		{FD2ECEB3-50BB-4DB2-81EE-ED36975466ED}.Ad-Hoc|Any CPU.Build.0 = Debug|Any CPU
		{FD2ECEB3-50BB-4DB2-81EE-ED36975466ED}.Ad-Hoc|ARM.ActiveCfg = Debug|Any CPU
		{FD2ECEB3-50BB-4DB2-81EE-ED36975466ED}.Ad-Hoc|ARM.Build.0 = Debug|Any CPU
		{FD2ECEB3-50BB-4DB2-81EE-ED36975466ED}.Ad-Hoc|iPhone.ActiveCfg = Debug|Any CPU
		{FD2ECEB3-50BB-4DB2-81EE-ED36975466ED}.Ad-Hoc|iPhone.Build.0 = Debug|Any CPU
		{FD2ECEB3-50BB-4DB2-81EE-ED36975466ED}.Ad-Hoc|iPhoneSimulator.ActiveCfg = Debug|Any CPU
		{FD2ECEB3-50BB-4DB2-81EE-ED36975466ED}.Ad-Hoc|iPhoneSimulator.Build.0 = Debug|Any CPU
		{FD2ECEB3-50BB-4DB2-81EE-ED36975466ED}.Ad-Hoc|x64.ActiveCfg = Debug|Any CPU
		{FD2ECEB3-50BB-4DB2-81EE-ED36975466ED}.Ad-Hoc|x64.Build.0 = Debug|Any CPU
		{FD2ECEB3-50BB-4DB2-81EE-ED36975466ED}.Ad-Hoc|x86.ActiveCfg = Debug|Any CPU
		{FD2ECEB3-50BB-4DB2-81EE-ED36975466ED}.Ad-Hoc|x86.Build.0 = Debug|Any CPU
		{FD2ECEB3-50BB-4DB2-81EE-ED36975466ED}.AppStore|Any CPU.ActiveCfg = Debug|Any CPU
		{FD2ECEB3-50BB-4DB2-81EE-ED36975466ED}.AppStore|Any CPU.Build.0 = Debug|Any CPU
		{FD2ECEB3-50BB-4DB2-81EE-ED36975466ED}.AppStore|ARM.ActiveCfg = Debug|Any CPU
		{FD2ECEB3-50BB-4DB2-81EE-ED36975466ED}.AppStore|ARM.Build.0 = Debug|Any CPU
		{FD2ECEB3-50BB-4DB2-81EE-ED36975466ED}.AppStore|iPhone.ActiveCfg = Debug|Any CPU
		{FD2ECEB3-50BB-4DB2-81EE-ED36975466ED}.AppStore|iPhone.Build.0 = Debug|Any CPU
		{FD2ECEB3-50BB-4DB2-81EE-ED36975466ED}.AppStore|iPhoneSimulator.ActiveCfg = Debug|Any CPU
		{FD2ECEB3-50BB-4DB2-81EE-ED36975466ED}.AppStore|iPhoneSimulator.Build.0 = Debug|Any CPU
		{FD2ECEB3-50BB-4DB2-81EE-ED36975466ED}.AppStore|x64.ActiveCfg = Debug|Any CPU
		{FD2ECEB3-50BB-4DB2-81EE-ED36975466ED}.AppStore|x64.Build.0 = Debug|Any CPU
		{FD2ECEB3-50BB-4DB2-81EE-ED36975466ED}.AppStore|x86.ActiveCfg = Debug|Any CPU
		{FD2ECEB3-50BB-4DB2-81EE-ED36975466ED}.AppStore|x86.Build.0 = Debug|Any CPU
		{FD2ECEB3-50BB-4DB2-81EE-ED36975466ED}.Debug|Any CPU.ActiveCfg = Debug|Any CPU
		{FD2ECEB3-50BB-4DB2-81EE-ED36975466ED}.Debug|Any CPU.Build.0 = Debug|Any CPU
		{FD2ECEB3-50BB-4DB2-81EE-ED36975466ED}.Debug|ARM.ActiveCfg = Debug|Any CPU
		{FD2ECEB3-50BB-4DB2-81EE-ED36975466ED}.Debug|ARM.Build.0 = Debug|Any CPU
		{FD2ECEB3-50BB-4DB2-81EE-ED36975466ED}.Debug|iPhone.ActiveCfg = Debug|Any CPU
		{FD2ECEB3-50BB-4DB2-81EE-ED36975466ED}.Debug|iPhone.Build.0 = Debug|Any CPU
		{FD2ECEB3-50BB-4DB2-81EE-ED36975466ED}.Debug|iPhoneSimulator.ActiveCfg = Debug|Any CPU
		{FD2ECEB3-50BB-4DB2-81EE-ED36975466ED}.Debug|iPhoneSimulator.Build.0 = Debug|Any CPU
		{FD2ECEB3-50BB-4DB2-81EE-ED36975466ED}.Debug|x64.ActiveCfg = Debug|Any CPU
		{FD2ECEB3-50BB-4DB2-81EE-ED36975466ED}.Debug|x64.Build.0 = Debug|Any CPU
		{FD2ECEB3-50BB-4DB2-81EE-ED36975466ED}.Debug|x86.ActiveCfg = Debug|Any CPU
		{FD2ECEB3-50BB-4DB2-81EE-ED36975466ED}.Debug|x86.Build.0 = Debug|Any CPU
		{FD2ECEB3-50BB-4DB2-81EE-ED36975466ED}.Release|Any CPU.ActiveCfg = Release|Any CPU
		{FD2ECEB3-50BB-4DB2-81EE-ED36975466ED}.Release|Any CPU.Build.0 = Release|Any CPU
		{FD2ECEB3-50BB-4DB2-81EE-ED36975466ED}.Release|ARM.ActiveCfg = Release|Any CPU
		{FD2ECEB3-50BB-4DB2-81EE-ED36975466ED}.Release|ARM.Build.0 = Release|Any CPU
		{FD2ECEB3-50BB-4DB2-81EE-ED36975466ED}.Release|iPhone.ActiveCfg = Release|Any CPU
		{FD2ECEB3-50BB-4DB2-81EE-ED36975466ED}.Release|iPhone.Build.0 = Release|Any CPU
		{FD2ECEB3-50BB-4DB2-81EE-ED36975466ED}.Release|iPhoneSimulator.ActiveCfg = Release|Any CPU
		{FD2ECEB3-50BB-4DB2-81EE-ED36975466ED}.Release|iPhoneSimulator.Build.0 = Release|Any CPU
		{FD2ECEB3-50BB-4DB2-81EE-ED36975466ED}.Release|x64.ActiveCfg = Release|Any CPU
		{FD2ECEB3-50BB-4DB2-81EE-ED36975466ED}.Release|x64.Build.0 = Release|Any CPU
		{FD2ECEB3-50BB-4DB2-81EE-ED36975466ED}.Release|x86.ActiveCfg = Release|Any CPU
		{FD2ECEB3-50BB-4DB2-81EE-ED36975466ED}.Release|x86.Build.0 = Release|Any CPU
	EndGlobalSection
	GlobalSection(SolutionProperties) = preSolution
		HideSolutionNode = FALSE
	EndGlobalSection
	GlobalSection(NestedProjects) = preSolution
		{972E2785-E04A-4AF6-8F2B-2B20B7139E0B} = {4B822337-6C0E-4EA3-8395-27E091F88815}
		{50A9FCF0-BF13-4F9A-A711-50769987B73D} = {4B822337-6C0E-4EA3-8395-27E091F88815}
		{74057D7B-710A-449E-84D8-98D5BF3FD8D5} = {4B822337-6C0E-4EA3-8395-27E091F88815}
		{1E516397-087B-4A30-B110-9182E801EF62} = {772C9541-5345-47A1-B5BF-51A0743E14D6}
		{FD2ECEB3-50BB-4DB2-81EE-ED36975466ED} = {0FB1802D-E423-4890-A9E6-6AAC8F0A6A9A}
	EndGlobalSection
	GlobalSection(ExtensibilityGlobals) = postSolution
		SolutionGuid = {4CC5AE0F-850C-4A92-9D95-FEE8A6487C5B}
	EndGlobalSection
EndGlobal
